// !$*UTF8*$!
{
	archiveVersion = 1;
	classes = {
	};
	objectVersion = 55;
	objects = {

/* Begin PBXBuildFile section */
		5924841827CF7C2E009B3B24 /* ContactListSwiftUIApp.swift in Sources */ = {isa = PBXBuildFile; fileRef = 5924841727CF7C2E009B3B24 /* ContactListSwiftUIApp.swift */; };
		5924841A27CF7C2E009B3B24 /* ContentView.swift in Sources */ = {isa = PBXBuildFile; fileRef = 5924841927CF7C2E009B3B24 /* ContentView.swift */; };
		5924841C27CF7C34009B3B24 /* Assets.xcassets in Resources */ = {isa = PBXBuildFile; fileRef = 5924841B27CF7C34009B3B24 /* Assets.xcassets */; };
		5924841F27CF7C34009B3B24 /* Preview Assets.xcassets in Resources */ = {isa = PBXBuildFile; fileRef = 5924841E27CF7C34009B3B24 /* Preview Assets.xcassets */; };
		5924842827CF7C9B009B3B24 /* DataManager.swift in Sources */ = {isa = PBXBuildFile; fileRef = 5924842727CF7C9B009B3B24 /* DataManager.swift */; };
		5924842A27CF8021009B3B24 /* Person.swift in Sources */ = {isa = PBXBuildFile; fileRef = 5924842927CF8021009B3B24 /* Person.swift */; };
		5924842E27CF8B17009B3B24 /* PersonsView.swift in Sources */ = {isa = PBXBuildFile; fileRef = 5924842D27CF8B17009B3B24 /* PersonsView.swift */; };
		5924843027CF8C95009B3B24 /* PersonsInfoView.swift in Sources */ = {isa = PBXBuildFile; fileRef = 5924842F27CF8C95009B3B24 /* PersonsInfoView.swift */; };
		5924843227CFAB92009B3B24 /* PersonDetailsView.swift in Sources */ = {isa = PBXBuildFile; fileRef = 5924843127CFAB92009B3B24 /* PersonDetailsView.swift */; };
		5924843427CFB357009B3B24 /* PersonRow.swift in Sources */ = {isa = PBXBuildFile; fileRef = 5924843327CFB357009B3B24 /* PersonRow.swift */; };
/* End PBXBuildFile section */

/* Begin PBXFileReference section */
		5924841427CF7C2E009B3B24 /* ContactListSwiftUI.app */ = {isa = PBXFileReference; explicitFileType = wrapper.application; includeInIndex = 0; path = ContactListSwiftUI.app; sourceTree = BUILT_PRODUCTS_DIR; };
		5924841727CF7C2E009B3B24 /* ContactListSwiftUIApp.swift */ = {isa = PBXFileReference; lastKnownFileType = sourcecode.swift; path = ContactListSwiftUIApp.swift; sourceTree = "<group>"; };
		5924841927CF7C2E009B3B24 /* ContentView.swift */ = {isa = PBXFileReference; lastKnownFileType = sourcecode.swift; path = ContentView.swift; sourceTree = "<group>"; };
		5924841B27CF7C34009B3B24 /* Assets.xcassets */ = {isa = PBXFileReference; lastKnownFileType = folder.assetcatalog; path = Assets.xcassets; sourceTree = "<group>"; };
		5924841E27CF7C34009B3B24 /* Preview Assets.xcassets */ = {isa = PBXFileReference; lastKnownFileType = folder.assetcatalog; path = "Preview Assets.xcassets"; sourceTree = "<group>"; };
		5924842727CF7C9B009B3B24 /* DataManager.swift */ = {isa = PBXFileReference; lastKnownFileType = sourcecode.swift; path = DataManager.swift; sourceTree = "<group>"; };
		5924842927CF8021009B3B24 /* Person.swift */ = {isa = PBXFileReference; lastKnownFileType = sourcecode.swift; path = Person.swift; sourceTree = "<group>"; };
		5924842D27CF8B17009B3B24 /* PersonsView.swift */ = {isa = PBXFileReference; lastKnownFileType = sourcecode.swift; path = PersonsView.swift; sourceTree = "<group>"; };
		5924842F27CF8C95009B3B24 /* PersonsInfoView.swift */ = {isa = PBXFileReference; lastKnownFileType = sourcecode.swift; path = PersonsInfoView.swift; sourceTree = "<group>"; };
		5924843127CFAB92009B3B24 /* PersonDetailsView.swift */ = {isa = PBXFileReference; lastKnownFileType = sourcecode.swift; path = PersonDetailsView.swift; sourceTree = "<group>"; };
		5924843327CFB357009B3B24 /* PersonRow.swift */ = {isa = PBXFileReference; lastKnownFileType = sourcecode.swift; path = PersonRow.swift; sourceTree = "<group>"; };
/* End PBXFileReference section */

/* Begin PBXFrameworksBuildPhase section */
		5924841127CF7C2E009B3B24 /* Frameworks */ = {
			isa = PBXFrameworksBuildPhase;
			buildActionMask = 2147483647;
			files = (
			);
			runOnlyForDeploymentPostprocessing = 0;
		};
/* End PBXFrameworksBuildPhase section */

/* Begin PBXGroup section */
		5924840B27CF7C2E009B3B24 = {
			isa = PBXGroup;
			children = (
				5924841627CF7C2E009B3B24 /* ContactListSwiftUI */,
				5924841527CF7C2E009B3B24 /* Products */,
			);
			sourceTree = "<group>";
		};
		5924841527CF7C2E009B3B24 /* Products */ = {
			isa = PBXGroup;
			children = (
				5924841427CF7C2E009B3B24 /* ContactListSwiftUI.app */,
			);
			name = Products;
			sourceTree = "<group>";
		};
		5924841627CF7C2E009B3B24 /* ContactListSwiftUI */ = {
			isa = PBXGroup;
			children = (
				5924843527CFCC0E009B3B24 /* App */,
				5924842C27CF8AD8009B3B24 /* Views */,
				5924842627CF7C5E009B3B24 /* Models */,
				5924842527CF7C51009B3B24 /* Services */,
				5924842B27CF8232009B3B24 /* Resources */,
				5924841D27CF7C34009B3B24 /* Preview Content */,
			);
			path = ContactListSwiftUI;
			sourceTree = "<group>";
		};
		5924841D27CF7C34009B3B24 /* Preview Content */ = {
			isa = PBXGroup;
			children = (
				5924841E27CF7C34009B3B24 /* Preview Assets.xcassets */,
			);
			path = "Preview Content";
			sourceTree = "<group>";
		};
		5924842527CF7C51009B3B24 /* Services */ = {
			isa = PBXGroup;
			children = (
				5924842727CF7C9B009B3B24 /* DataManager.swift */,
			);
			name = Services;
			sourceTree = "<group>";
		};
		5924842627CF7C5E009B3B24 /* Models */ = {
			isa = PBXGroup;
			children = (
				5924842927CF8021009B3B24 /* Person.swift */,
			);
			name = Models;
			sourceTree = "<group>";
		};
		5924842B27CF8232009B3B24 /* Resources */ = {
			isa = PBXGroup;
			children = (
				5924841B27CF7C34009B3B24 /* Assets.xcassets */,
			);
			path = Resources;
			sourceTree = "<group>";
		};
		5924842C27CF8AD8009B3B24 /* Views */ = {
			isa = PBXGroup;
			children = (
				5924841927CF7C2E009B3B24 /* ContentView.swift */,
				5924842D27CF8B17009B3B24 /* PersonsView.swift */,
				5924842F27CF8C95009B3B24 /* PersonsInfoView.swift */,
				5924843127CFAB92009B3B24 /* PersonDetailsView.swift */,
				5924843327CFB357009B3B24 /* PersonRow.swift */,
			);
			name = Views;
			sourceTree = "<group>";
		};
		5924843527CFCC0E009B3B24 /* App */ = {
			isa = PBXGroup;
			children = (
				5924841727CF7C2E009B3B24 /* ContactListSwiftUIApp.swift */,
			);
			name = App;
			sourceTree = "<group>";
		};
/* End PBXGroup section */

/* Begin PBXNativeTarget section */
		5924841327CF7C2E009B3B24 /* ContactListSwiftUI */ = {
			isa = PBXNativeTarget;
			buildConfigurationList = 5924842227CF7C34009B3B24 /* Build configuration list for PBXNativeTarget "ContactListSwiftUI" */;
			buildPhases = (
				5924841027CF7C2E009B3B24 /* Sources */,
				5924841127CF7C2E009B3B24 /* Frameworks */,
				5924841227CF7C2E009B3B24 /* Resources */,
			);
			buildRules = (
			);
			dependencies = (
			);
			name = ContactListSwiftUI;
			productName = ContactListSwiftUI;
			productReference = 5924841427CF7C2E009B3B24 /* ContactListSwiftUI.app */;
			productType = "com.apple.product-type.application";
		};
/* End PBXNativeTarget section */

/* Begin PBXProject section */
		5924840C27CF7C2E009B3B24 /* Project object */ = {
			isa = PBXProject;
			attributes = {
				BuildIndependentTargetsInParallel = 1;
				LastSwiftUpdateCheck = 1320;
				LastUpgradeCheck = 1320;
				TargetAttributes = {
					5924841327CF7C2E009B3B24 = {
						CreatedOnToolsVersion = 13.2.1;
					};
				};
			};
			buildConfigurationList = 5924840F27CF7C2E009B3B24 /* Build configuration list for PBXProject "ContactListSwiftUI" */;
			compatibilityVersion = "Xcode 13.0";
			developmentRegion = en;
			hasScannedForEncodings = 0;
			knownRegions = (
				en,
				Base,
			);
			mainGroup = 5924840B27CF7C2E009B3B24;
			productRefGroup = 5924841527CF7C2E009B3B24 /* Products */;
			projectDirPath = "";
			projectRoot = "";
			targets = (
				5924841327CF7C2E009B3B24 /* ContactListSwiftUI */,
			);
		};
/* End PBXProject section */

/* Begin PBXResourcesBuildPhase section */
		5924841227CF7C2E009B3B24 /* Resources */ = {
			isa = PBXResourcesBuildPhase;
			buildActionMask = 2147483647;
			files = (
				5924841F27CF7C34009B3B24 /* Preview Assets.xcassets in Resources */,
				5924841C27CF7C34009B3B24 /* Assets.xcassets in Resources */,
			);
			runOnlyForDeploymentPostprocessing = 0;
		};
/* End PBXResourcesBuildPhase section */

/* Begin PBXSourcesBuildPhase section */
		5924841027CF7C2E009B3B24 /* Sources */ = {
			isa = PBXSourcesBuildPhase;
			buildActionMask = 2147483647;
			files = (
				5924841A27CF7C2E009B3B24 /* ContentView.swift in Sources */,
				5924843427CFB357009B3B24 /* PersonRow.swift in Sources */,
				5924842827CF7C9B009B3B24 /* DataManager.swift in Sources */,
				5924842A27CF8021009B3B24 /* Person.swift in Sources */,
				5924843227CFAB92009B3B24 /* PersonDetailsView.swift in Sources */,
				5924842E27CF8B17009B3B24 /* PersonsView.swift in Sources */,
				5924841827CF7C2E009B3B24 /* ContactListSwiftUIApp.swift in Sources */,
				5924843027CF8C95009B3B24 /* PersonsInfoView.swift in Sources */,
			);
			runOnlyForDeploymentPostprocessing = 0;
		};
/* End PBXSourcesBuildPhase section */

/* Begin XCBuildConfiguration section */
		5924842027CF7C34009B3B24 /* Debug */ = {
			isa = XCBuildConfiguration;
			buildSettings = {
				ALWAYS_SEARCH_USER_PATHS = NO;
				CLANG_ANALYZER_NONNULL = YES;
				CLANG_ANALYZER_NUMBER_OBJECT_CONVERSION = YES_AGGRESSIVE;
				CLANG_CXX_LANGUAGE_STANDARD = "gnu++17";
				CLANG_CXX_LIBRARY = "libc++";
				CLANG_ENABLE_MODULES = YES;
				CLANG_ENABLE_OBJC_ARC = YES;
				CLANG_ENABLE_OBJC_WEAK = YES;
				CLANG_WARN_BLOCK_CAPTURE_AUTORELEASING = YES;
				CLANG_WARN_BOOL_CONVERSION = YES;
				CLANG_WARN_COMMA = YES;
				CLANG_WARN_CONSTANT_CONVERSION = YES;
				CLANG_WARN_DEPRECATED_OBJC_IMPLEMENTATIONS = YES;
				CLANG_WARN_DIRECT_OBJC_ISA_USAGE = YES_ERROR;
				CLANG_WARN_DOCUMENTATION_COMMENTS = YES;
				CLANG_WARN_EMPTY_BODY = YES;
				CLANG_WARN_ENUM_CONVERSION = YES;
				CLANG_WARN_INFINITE_RECURSION = YES;
				CLANG_WARN_INT_CONVERSION = YES;
				CLANG_WARN_NON_LITERAL_NULL_CONVERSION = YES;
				CLANG_WARN_OBJC_IMPLICIT_RETAIN_SELF = YES;
				CLANG_WARN_OBJC_LITERAL_CONVERSION = YES;
				CLANG_WARN_OBJC_ROOT_CLASS = YES_ERROR;
				CLANG_WARN_QUOTED_INCLUDE_IN_FRAMEWORK_HEADER = YES;
				CLANG_WARN_RANGE_LOOP_ANALYSIS = YES;
				CLANG_WARN_STRICT_PROTOTYPES = YES;
				CLANG_WARN_SUSPICIOUS_MOVE = YES;
				CLANG_WARN_UNGUARDED_AVAILABILITY = YES_AGGRESSIVE;
				CLANG_WARN_UNREACHABLE_CODE = YES;
				CLANG_WARN__DUPLICATE_METHOD_MATCH = YES;
				COPY_PHASE_STRIP = NO;
				DEBUG_INFORMATION_FORMAT = dwarf;
				ENABLE_STRICT_OBJC_MSGSEND = YES;
				ENABLE_TESTABILITY = YES;
				GCC_C_LANGUAGE_STANDARD = gnu11;
				GCC_DYNAMIC_NO_PIC = NO;
				GCC_NO_COMMON_BLOCKS = YES;
				GCC_OPTIMIZATION_LEVEL = 0;
				GCC_PREPROCESSOR_DEFINITIONS = (
					"DEBUG=1",
					"$(inherited)",
				);
				GCC_WARN_64_TO_32_BIT_CONVERSION = YES;
				GCC_WARN_ABOUT_RETURN_TYPE = YES_ERROR;
				GCC_WARN_UNDECLARED_SELECTOR = YES;
				GCC_WARN_UNINITIALIZED_AUTOS = YES_AGGRESSIVE;
				GCC_WARN_UNUSED_FUNCTION = YES;
				GCC_WARN_UNUSED_VARIABLE = YES;
				IPHONEOS_DEPLOYMENT_TARGET = 15.2;
				MTL_ENABLE_DEBUG_INFO = INCLUDE_SOURCE;
				MTL_FAST_MATH = YES;
				ONLY_ACTIVE_ARCH = YES;
				SDKROOT = iphoneos;
				SWIFT_ACTIVE_COMPILATION_CONDITIONS = DEBUG;
				SWIFT_OPTIMIZATION_LEVEL = "-Onone";
			};
			name = Debug;
		};
		5924842127CF7C34009B3B24 /* Release */ = {
			isa = XCBuildConfiguration;
			buildSettings = {
				ALWAYS_SEARCH_USER_PATHS = NO;
				CLANG_ANALYZER_NONNULL = YES;
				CLANG_ANALYZER_NUMBER_OBJECT_CONVERSION = YES_AGGRESSIVE;
				CLANG_CXX_LANGUAGE_STANDARD = "gnu++17";
				CLANG_CXX_LIBRARY = "libc++";
				CLANG_ENABLE_MODULES = YES;
				CLANG_ENABLE_OBJC_ARC = YES;
				CLANG_ENABLE_OBJC_WEAK = YES;
				CLANG_WARN_BLOCK_CAPTURE_AUTORELEASING = YES;
				CLANG_WARN_BOOL_CONVERSION = YES;
				CLANG_WARN_COMMA = YES;
				CLANG_WARN_CONSTANT_CONVERSION = YES;
				CLANG_WARN_DEPRECATED_OBJC_IMPLEMENTATIONS = YES;
				CLANG_WARN_DIRECT_OBJC_ISA_USAGE = YES_ERROR;
				CLANG_WARN_DOCUMENTATION_COMMENTS = YES;
				CLANG_WARN_EMPTY_BODY = YES;
				CLANG_WARN_ENUM_CONVERSION = YES;
				CLANG_WARN_INFINITE_RECURSION = YES;
				CLANG_WARN_INT_CONVERSION = YES;
				CLANG_WARN_NON_LITERAL_NULL_CONVERSION = YES;
				CLANG_WARN_OBJC_IMPLICIT_RETAIN_SELF = YES;
				CLANG_WARN_OBJC_LITERAL_CONVERSION = YES;
				CLANG_WARN_OBJC_ROOT_CLASS = YES_ERROR;
				CLANG_WARN_QUOTED_INCLUDE_IN_FRAMEWORK_HEADER = YES;
				CLANG_WARN_RANGE_LOOP_ANALYSIS = YES;
				CLANG_WARN_STRICT_PROTOTYPES = YES;
				CLANG_WARN_SUSPICIOUS_MOVE = YES;
				CLANG_WARN_UNGUARDED_AVAILABILITY = YES_AGGRESSIVE;
				CLANG_WARN_UNREACHABLE_CODE = YES;
				CLANG_WARN__DUPLICATE_METHOD_MATCH = YES;
				COPY_PHASE_STRIP = NO;
				DEBUG_INFORMATION_FORMAT = "dwarf-with-dsym";
				ENABLE_NS_ASSERTIONS = NO;
				ENABLE_STRICT_OBJC_MSGSEND = YES;
				GCC_C_LANGUAGE_STANDARD = gnu11;
				GCC_NO_COMMON_BLOCKS = YES;
				GCC_WARN_64_TO_32_BIT_CONVERSION = YES;
				GCC_WARN_ABOUT_RETURN_TYPE = YES_ERROR;
				GCC_WARN_UNDECLARED_SELECTOR = YES;
				GCC_WARN_UNINITIALIZED_AUTOS = YES_AGGRESSIVE;
				GCC_WARN_UNUSED_FUNCTION = YES;
				GCC_WARN_UNUSED_VARIABLE = YES;
				IPHONEOS_DEPLOYMENT_TARGET = 15.2;
				MTL_ENABLE_DEBUG_INFO = NO;
				MTL_FAST_MATH = YES;
				SDKROOT = iphoneos;
				SWIFT_COMPILATION_MODE = wholemodule;
				SWIFT_OPTIMIZATION_LEVEL = "-O";
				VALIDATE_PRODUCT = YES;
			};
			name = Release;
		};
		5924842327CF7C34009B3B24 /* Debug */ = {
			isa = XCBuildConfiguration;
			buildSettings = {
				ASSETCATALOG_COMPILER_APPICON_NAME = AppIcon;
				ASSETCATALOG_COMPILER_GLOBAL_ACCENT_COLOR_NAME = AccentColor;
				CODE_SIGN_STYLE = Automatic;
				CURRENT_PROJECT_VERSION = 1;
				DEVELOPMENT_ASSET_PATHS = "\"ContactListSwiftUI/Preview Content\"";
				DEVELOPMENT_TEAM = 4XK5S24922;
				ENABLE_PREVIEWS = YES;
				GENERATE_INFOPLIST_FILE = YES;
				INFOPLIST_KEY_UIApplicationSceneManifest_Generation = YES;
				INFOPLIST_KEY_UIApplicationSupportsIndirectInputEvents = YES;
				INFOPLIST_KEY_UILaunchScreen_Generation = YES;
				INFOPLIST_KEY_UISupportedInterfaceOrientations_iPad = "UIInterfaceOrientationPortrait UIInterfaceOrientationPortraitUpsideDown UIInterfaceOrientationLandscapeLeft UIInterfaceOrientationLandscapeRight";
				INFOPLIST_KEY_UISupportedInterfaceOrientations_iPhone = "UIInterfaceOrientationPortrait UIInterfaceOrientationLandscapeLeft UIInterfaceOrientationLandscapeRight";
				LD_RUNPATH_SEARCH_PATHS = (
					"$(inherited)",
					"@executable_path/Frameworks",
				);
				MARKETING_VERSION = 1.0;
				PRODUCT_BUNDLE_IDENTIFIER = "Alexey-Kulish.ContactListSwiftUI";
				PRODUCT_NAME = "$(TARGET_NAME)";
				SWIFT_EMIT_LOC_STRINGS = YES;
				SWIFT_VERSION = 5.0;
				TARGETED_DEVICE_FAMILY = "1,2";
			};
			name = Debug;
		};
		5924842427CF7C34009B3B24 /* Release */ = {
			isa = XCBuildConfiguration;
			buildSettings = {
				ASSETCATALOG_COMPILER_APPICON_NAME = AppIcon;
				ASSETCATALOG_COMPILER_GLOBAL_ACCENT_COLOR_NAME = AccentColor;
				CODE_SIGN_STYLE = Automatic;
				CURRENT_PROJECT_VERSION = 1;
				DEVELOPMENT_ASSET_PATHS = "\"ContactListSwiftUI/Preview Content\"";
				DEVELOPMENT_TEAM = 4XK5S24922;
				ENABLE_PREVIEWS = YES;
				GENERATE_INFOPLIST_FILE = YES;
				INFOPLIST_KEY_UIApplicationSceneManifest_Generation = YES;
				INFOPLIST_KEY_UIApplicationSupportsIndirectInputEvents = YES;
				INFOPLIST_KEY_UILaunchScreen_Generation = YES;
				INFOPLIST_KEY_UISupportedInterfaceOrientations_iPad = "UIInterfaceOrientationPortrait UIInterfaceOrientationPortraitUpsideDown UIInterfaceOrientationLandscapeLeft UIInterfaceOrientationLandscapeRight";
				INFOPLIST_KEY_UISupportedInterfaceOrientations_iPhone = "UIInterfaceOrientationPortrait UIInterfaceOrientationLandscapeLeft UIInterfaceOrientationLandscapeRight";
				LD_RUNPATH_SEARCH_PATHS = (
					"$(inherited)",
					"@executable_path/Frameworks",
				);
				MARKETING_VERSION = 1.0;
				PRODUCT_BUNDLE_IDENTIFIER = "Alexey-Kulish.ContactListSwiftUI";
				PRODUCT_NAME = "$(TARGET_NAME)";
				SWIFT_EMIT_LOC_STRINGS = YES;
				SWIFT_VERSION = 5.0;
				TARGETED_DEVICE_FAMILY = "1,2";
			};
			name = Release;
		};
/* End XCBuildConfiguration section */

/* Begin XCConfigurationList section */
		5924840F27CF7C2E009B3B24 /* Build configuration list for PBXProject "ContactListSwiftUI" */ = {
			isa = XCConfigurationList;
			buildConfigurations = (
				5924842027CF7C34009B3B24 /* Debug */,
				5924842127CF7C34009B3B24 /* Release */,
			);
			defaultConfigurationIsVisible = 0;
			defaultConfigurationName = Release;
		};
		5924842227CF7C34009B3B24 /* Build configuration list for PBXNativeTarget "ContactListSwiftUI" */ = {
			isa = XCConfigurationList;
			buildConfigurations = (
				5924842327CF7C34009B3B24 /* Debug */,
				5924842427CF7C34009B3B24 /* Release */,
			);
			defaultConfigurationIsVisible = 0;
			defaultConfigurationName = Release;
		};
/* End XCConfigurationList section */
	};
	rootObject = 5924840C27CF7C2E009B3B24 /* Project object */;
}
